{
  "name": "xmr-pay",
  "version": "0.1.8",
  "lockfileVersion": 3,
  "requires": true,
  "packages": {
    "": {
      "name": "xmr-pay",
      "version": "0.1.8",
      "license": "MIT",
      "peerDependencies": {
        "monero-ts": ">=0.11.0"
      },
      "peerDependenciesMeta": {
        "monero-ts": {
          "optional": true
        }
      }
    }
  }
}
